
Microsoft Visual Studio Solution File, Format Version 12.00
# Visual Studio Version 17
VisualStudioVersion = 17.3.32819.101
MinimumVisualStudioVersion = 10.0.40219.1
Project("{FAE04EC0-301F-11D3-BF4B-00C04F79EFBC}") = "AlicjowyBackendv3", "AlicjowyBackendv3.csproj", "{69D8018E-7429-44CD-8A47-BF8E3660AA84}"
EndProject
Global
	GlobalSection(SolutionConfigurationPlatforms) = preSolution
		Debug|Any CPU = Debug|Any CPU
		Release|Any CPU = Release|Any CPU
	EndGlobalSection
	GlobalSection(ProjectConfigurationPlatforms) = postSolution
		{69D8018E-7429-44CD-8A47-BF8E3660AA84}.Debug|Any CPU.ActiveCfg = Debug|Any CPU
		{69D8018E-7429-44CD-8A47-BF8E3660AA84}.Debug|Any CPU.Build.0 = Debug|Any CPU
		{69D8018E-7429-44CD-8A47-BF8E3660AA84}.Release|Any CPU.ActiveCfg = Release|Any CPU
		{69D8018E-7429-44CD-8A47-BF8E3660AA84}.Release|Any CPU.Build.0 = Release|Any CPU
	EndGlobalSection
	GlobalSection(SolutionProperties) = preSolution
		HideSolutionNode = FALSE
	EndGlobalSection
	GlobalSection(ExtensibilityGlobals) = postSolution
		SolutionGuid = {85BE93E8-71FB-4D24-824F-552365EEA460}
	EndGlobalSection
EndGlobal
